
Microsoft Visual Studio Solution File, Format Version 12.00
# Visual Studio Version 17
VisualStudioVersion = 17.4.33403.182
MinimumVisualStudioVersion = 10.0.40219.1
Project("{9A19103F-16F7-4668-BE54-9A1E7A4F7556}") = "NexoAPI", "NexoAPI\NexoAPI.csproj", "{1C0AB53F-27B5-44AF-9ACA-114A1F57D140}"
EndProject
Global
	GlobalSection(SolutionConfigurationPlatforms) = preSolution
		Debug|Any CPU = Debug|Any CPU
		Release|Any CPU = Release|Any CPU
	EndGlobalSection
	GlobalSection(ProjectConfigurationPlatforms) = postSolution
		{1C0AB53F-27B5-44AF-9ACA-114A1F57D140}.Debug|Any CPU.ActiveCfg = Debug|Any CPU
		{1C0AB53F-27B5-44AF-9ACA-114A1F57D140}.Debug|Any CPU.Build.0 = Debug|Any CPU
		{1C0AB53F-27B5-44AF-9ACA-114A1F57D140}.Release|Any CPU.ActiveCfg = Release|Any CPU
		{1C0AB53F-27B5-44AF-9ACA-114A1F57D140}.Release|Any CPU.Build.0 = Release|Any CPU
	EndGlobalSection
	GlobalSection(SolutionProperties) = preSolution
		HideSolutionNode = FALSE
	EndGlobalSection
	GlobalSection(ExtensibilityGlobals) = postSolution
		SolutionGuid = {398BF9E0-72B5-4F41-8D4D-2D331C5FFF3A}
	EndGlobalSection
EndGlobal
